hash: c8db8a2398ca985665895c59f91caaf8fa772e5bcdd7495bc01307859efbd7a4
updated: 2017-10-18T20:59:44.017125378+02:00
imports:
- name: github.com/ericfreese/escseq
  version: 86cde6b4489748309d9254edf5918d7202021647
- name: github.com/MathieuTurcotte/go-trie
  version: 907bb848563c1ffb323c7cd2edd747dcaf58a2c3
  subpackages:
  - gtrie
- name: github.com/mattn/go-runewidth
  version: 14207d285c6c197daabb5c9793d63e7af9ab2d50
- name: github.com/nsf/termbox-go
  version: abe82ce5fb7a42fbd6784a5ceb71aff977e09ed8
- name: github.com/spf13/pflag
  version: 1f33b80956cde38911d1f23d764deb8d77a649ce
testImports: []
